schema: '2.0'
stages:
  data_ingestion:
    cmd: python src/data_ingestion.py
    deps:
    - path: config/config.yaml
      hash: md5
      md5: 09f159292dae6145033e81010f997361
      size: 648
    - path: dataset/Smartphone_Usage_And_Addiction_Analysis_7500_Rows.csv
      hash: md5
      md5: d831a326bc6f0ab76056a12279cb0047
      size: 601569
    - path: src/data_ingestion.py
      hash: md5
      md5: a87876d2906cff7e9e1835ad56fafd45
      size: 2274
    outs:
    - path: artifacts/raw/raw.csv
      hash: md5
      md5: d831a326bc6f0ab76056a12279cb0047
      size: 601569
    - path: artifacts/raw/test.csv
      hash: md5
      md5: 059ddff609714adeffcd68e196c2f59e
      size: 127099
    - path: artifacts/raw/train.csv
      hash: md5
      md5: 94281990791df337b16cb2942c7264a6
      size: 507830
  data_preprocessing:
    cmd: python src/data_preprocessing.py
    deps:
    - path: artifacts/raw/test.csv
      hash: md5
      md5: 059ddff609714adeffcd68e196c2f59e
      size: 127099
    - path: artifacts/raw/train.csv
      hash: md5
      md5: 94281990791df337b16cb2942c7264a6
      size: 507830
    - path: config/config.yaml
      hash: md5
      md5: 09f159292dae6145033e81010f997361
      size: 648
    - path: src/data_preprocessing.py
      hash: md5
      md5: 437e342332e518c48176feb5081b1f1a
      size: 8042
    outs:
    - path: artifacts/processed/processed_test.csv
      hash: md5
      md5: e191692934775e5c22e40a886e550a54
      size: 66472
    - path: artifacts/processed/processed_train.csv
      hash: md5
      md5: bf78a1866fc804a461be53eaa33a70f0
      size: 578004
  model_training:
    cmd: python src/model_training.py
    deps:
    - path: artifacts/processed/processed_test.csv
      hash: md5
      md5: e191692934775e5c22e40a886e550a54
      size: 66472
    - path: artifacts/processed/processed_train.csv
      hash: md5
      md5: bf78a1866fc804a461be53eaa33a70f0
      size: 578004
    - path: config/model_params.py
      hash: md5
      md5: 5a7ad12ce8b204fd5e1ebf9ba1649f81
      size: 628
    - path: src/model_training.py
      hash: md5
      md5: f2f0555916a9a6ebab70e8ff5a24f950
      size: 8944
    outs:
    - path: artifacts/models/lgbm_model.pkl
      hash: md5
      md5: b8c26736b5ab472217d0b466fc0a966f
      size: 4195620
    - path: metrics.json
      hash: md5
      md5: 71b9d5837a45c2e07b81f701e507f040
      size: 125
